# THIS IS AN AUTOGENERATED FILE. DO NOT EDIT THIS FILE DIRECTLY.
# yarn lockfile v1


"@lottiefiles/dotlottie-react@^0.15.0":
  version "0.15.0"
  resolved "https://registry.yarnpkg.com/@lottiefiles/dotlottie-react/-/dotlottie-react-0.15.0.tgz#c4503c547fd5254d7383eb8549364f598d081f19"
  integrity sha512-2/yH3jR+CFTQgW40yZ1DvyEsBkb5MUVHfcNrobZifU86DmpOjOOurXfFbRotV3Y+C2KWZbujNLtzmlBqdbXKTg==
  dependencies:
    "@lottiefiles/dotlottie-web" "0.50.0"

"@lottiefiles/dotlottie-web@0.50.0":
  version "0.50.0"
  resolved "https://registry.yarnpkg.com/@lottiefiles/dotlottie-web/-/dotlottie-web-0.50.0.tgz#708c5cf7a34da67f14b533c9346da642a132df00"
  integrity sha512-l8mEWe+SZ76RKj2R8BiqU5Pc/q4aj6YTunXuXW/JLMjKVJEpefRE+E7d6CnZxSnpf36bvd1zGdopATzjJEHlgA==

"@types/aos@^3.0.7":
  version "3.0.7"
  resolved "https://registry.yarnpkg.com/@types/aos/-/aos-3.0.7.tgz#81c60dde68d67b7ea941a37ec3638b88ac90001c"
  integrity sha512-sEhyFqvKauUJZDbvAB3Pggynrq6g+2PS4XB3tmUr+mDL1gfDJnwslUC4QQ7/l8UD+LWpr3RxZVR/rHoZrLqZVg==
